
Microsoft Visual Studio Solution File, Format Version 12.00
# Visual Studio Version 17
VisualStudioVersion = 17.2.32526.322
MinimumVisualStudioVersion = 10.0.40219.1
Project("{9A19103F-16F7-4668-BE54-9A1E7A4F7556}") = "Musiceo", "Musiceo\Musiceo.csproj", "{767A050C-7921-4F25-BF5C-7D1EA52099D0}"
EndProject
Project("{9A19103F-16F7-4668-BE54-9A1E7A4F7556}") = "MusiceoMovil", "MusiceoMovil\MusiceoMovil.csproj", "{5153279F-9865-4DDE-B50C-491085A00CC5}"
EndProject
Global
	GlobalSection(SolutionConfigurationPlatforms) = preSolution
		Debug|Any CPU = Debug|Any CPU
		Release|Any CPU = Release|Any CPU
	EndGlobalSection
	GlobalSection(ProjectConfigurationPlatforms) = postSolution
		{767A050C-7921-4F25-BF5C-7D1EA52099D0}.Debug|Any CPU.ActiveCfg = Debug|Any CPU
		{767A050C-7921-4F25-BF5C-7D1EA52099D0}.Debug|Any CPU.Build.0 = Debug|Any CPU
		{767A050C-7921-4F25-BF5C-7D1EA52099D0}.Release|Any CPU.ActiveCfg = Release|Any CPU
		{767A050C-7921-4F25-BF5C-7D1EA52099D0}.Release|Any CPU.Build.0 = Release|Any CPU
		{5153279F-9865-4DDE-B50C-491085A00CC5}.Debug|Any CPU.ActiveCfg = Debug|Any CPU
		{5153279F-9865-4DDE-B50C-491085A00CC5}.Debug|Any CPU.Build.0 = Debug|Any CPU
		{5153279F-9865-4DDE-B50C-491085A00CC5}.Debug|Any CPU.Deploy.0 = Debug|Any CPU
		{5153279F-9865-4DDE-B50C-491085A00CC5}.Release|Any CPU.ActiveCfg = Release|Any CPU
		{5153279F-9865-4DDE-B50C-491085A00CC5}.Release|Any CPU.Build.0 = Release|Any CPU
		{5153279F-9865-4DDE-B50C-491085A00CC5}.Release|Any CPU.Deploy.0 = Release|Any CPU
	EndGlobalSection
	GlobalSection(SolutionProperties) = preSolution
		HideSolutionNode = FALSE
	EndGlobalSection
	GlobalSection(ExtensibilityGlobals) = postSolution
		SolutionGuid = {96C77346-3C55-4BE2-8FC9-817521196C2E}
	EndGlobalSection
EndGlobal
